
Microsoft Visual Studio Solution File, Format Version 12.00
# Visual Studio Version 17
VisualStudioVersion = 17.3.32929.385
MinimumVisualStudioVersion = 10.0.40219.1
Project("{9A19103F-16F7-4668-BE54-9A1E7A4F7556}") = "BackpackViewer.Core", "BackpackViewer.Core\BackpackViewer.Core.csproj", "{2E28B1BC-F86E-42B2-9967-0C03815C5892}"
EndProject
Project("{9A19103F-16F7-4668-BE54-9A1E7A4F7556}") = "BackpackViewer.Tests", "BackpackViewer.Tests\BackpackViewer.Tests.csproj", "{2E72FB30-B3B9-486B-A57A-D188D44B7355}"
EndProject
Project("{9A19103F-16F7-4668-BE54-9A1E7A4F7556}") = "BackpackViewer.API", "BackpackViewer.API\BackpackViewer.API.csproj", "{5573B3E9-E3E8-4E5E-8911-E5511EEA626B}"
EndProject
Global
	GlobalSection(SolutionConfigurationPlatforms) = preSolution
		Debug|Any CPU = Debug|Any CPU
		Release|Any CPU = Release|Any CPU
	EndGlobalSection
	GlobalSection(ProjectConfigurationPlatforms) = postSolution
		{2E28B1BC-F86E-42B2-9967-0C03815C5892}.Debug|Any CPU.ActiveCfg = Debug|Any CPU
		{2E28B1BC-F86E-42B2-9967-0C03815C5892}.Debug|Any CPU.Build.0 = Debug|Any CPU
		{2E28B1BC-F86E-42B2-9967-0C03815C5892}.Release|Any CPU.ActiveCfg = Release|Any CPU
		{2E28B1BC-F86E-42B2-9967-0C03815C5892}.Release|Any CPU.Build.0 = Release|Any CPU
		{2E72FB30-B3B9-486B-A57A-D188D44B7355}.Debug|Any CPU.ActiveCfg = Debug|Any CPU
		{2E72FB30-B3B9-486B-A57A-D188D44B7355}.Debug|Any CPU.Build.0 = Debug|Any CPU
		{2E72FB30-B3B9-486B-A57A-D188D44B7355}.Release|Any CPU.ActiveCfg = Release|Any CPU
		{2E72FB30-B3B9-486B-A57A-D188D44B7355}.Release|Any CPU.Build.0 = Release|Any CPU
		{5573B3E9-E3E8-4E5E-8911-E5511EEA626B}.Debug|Any CPU.ActiveCfg = Debug|Any CPU
		{5573B3E9-E3E8-4E5E-8911-E5511EEA626B}.Debug|Any CPU.Build.0 = Debug|Any CPU
		{5573B3E9-E3E8-4E5E-8911-E5511EEA626B}.Release|Any CPU.ActiveCfg = Release|Any CPU
		{5573B3E9-E3E8-4E5E-8911-E5511EEA626B}.Release|Any CPU.Build.0 = Release|Any CPU
	EndGlobalSection
	GlobalSection(SolutionProperties) = preSolution
		HideSolutionNode = FALSE
	EndGlobalSection
	GlobalSection(ExtensibilityGlobals) = postSolution
		SolutionGuid = {0FA86FEE-61D5-4131-983E-1AA4D6C1352B}
	EndGlobalSection
EndGlobal
